// !$*UTF8*$!
{
	archiveVersion = 1;
	classes = {
	};
	objectVersion = 46;
	objects = {

/* Begin PBXBuildFile section */
		450EEEED1D0C0D740067317E /* ResourcePath.mm in Sources */ = {isa = PBXBuildFile; fileRef = 450EEEEC1D0C0D740067317E /* ResourcePath.mm */; };
		450EEEF01D0C0D740067317E /* main.cpp in Sources */ = {isa = PBXBuildFile; fileRef = 450EEEEF1D0C0D740067317E /* main.cpp */; };
		450EEEF31D0C0D740067317E /* cute_image.jpg in Resources */ = {isa = PBXBuildFile; fileRef = 450EEEF21D0C0D740067317E /* cute_image.jpg */; };
		450EEEF51D0C0D740067317E /* nice_music.ogg in Resources */ = {isa = PBXBuildFile; fileRef = 450EEEF41D0C0D740067317E /* nice_music.ogg */; };
		450EEEF71D0C0D740067317E /* sansation.ttf in Resources */ = {isa = PBXBuildFile; fileRef = 450EEEF61D0C0D740067317E /* sansation.ttf */; };
		450EEEF91D0C0D740067317E /* icon.png in Resources */ = {isa = PBXBuildFile; fileRef = 450EEEF81D0C0D740067317E /* icon.png */; };
		450EEF001D0C15350067317E /* Kirby.png in Resources */ = {isa = PBXBuildFile; fileRef = 450EEEFF1D0C15350067317E /* Kirby.png */; };
		450EEF081D0C15430067317E /* Background.jpg in Resources */ = {isa = PBXBuildFile; fileRef = 450EEF011D0C15430067317E /* Background.jpg */; };
		450EEF091D0C15430067317E /* KirbyDown.png in Resources */ = {isa = PBXBuildFile; fileRef = 450EEF021D0C15430067317E /* KirbyDown.png */; };
		450EEF0A1D0C15430067317E /* KirbyRight.png in Resources */ = {isa = PBXBuildFile; fileRef = 450EEF031D0C15430067317E /* KirbyRight.png */; };
		450EEF0B1D0C15430067317E /* KirbyUp.png in Resources */ = {isa = PBXBuildFile; fileRef = 450EEF041D0C15430067317E /* KirbyUp.png */; };
		450EEF0C1D0C15430067317E /* Obstacle.png in Resources */ = {isa = PBXBuildFile; fileRef = 450EEF051D0C15430067317E /* Obstacle.png */; };
		450EEF0D1D0C15430067317E /* Poison.png in Resources */ = {isa = PBXBuildFile; fileRef = 450EEF061D0C15430067317E /* Poison.png */; };
		450EEF0E1D0C15430067317E /* Potion.png in Resources */ = {isa = PBXBuildFile; fileRef = 450EEF071D0C15430067317E /* Potion.png */; };
		450EEF101D0C16080067317E /* Background.png in Resources */ = {isa = PBXBuildFile; fileRef = 450EEF0F1D0C16080067317E /* Background.png */; };
		450EEF121D0C16B80067317E /* Light.jpg in Resources */ = {isa = PBXBuildFile; fileRef = 450EEF111D0C16B80067317E /* Light.jpg */; };
/* End PBXBuildFile section */

/* Begin PBXFileReference section */
		450EEEE71D0C0D730067317E /* EscapeTheCave.app */ = {isa = PBXFileReference; explicitFileType = wrapper.application; includeInIndex = 0; path = EscapeTheCave.app; sourceTree = BUILT_PRODUCTS_DIR; };
		450EEEEB1D0C0D740067317E /* EscapeTheCave-Info.plist */ = {isa = PBXFileReference; lastKnownFileType = text.plist.xml; path = "EscapeTheCave-Info.plist"; sourceTree = "<group>"; };
		450EEEEC1D0C0D740067317E /* ResourcePath.mm */ = {isa = PBXFileReference; lastKnownFileType = sourcecode.cpp.objcpp; path = ResourcePath.mm; sourceTree = "<group>"; };
		450EEEEE1D0C0D740067317E /* ResourcePath.hpp */ = {isa = PBXFileReference; lastKnownFileType = sourcecode.cpp.h; path = ResourcePath.hpp; sourceTree = "<group>"; };
		450EEEEF1D0C0D740067317E /* main.cpp */ = {isa = PBXFileReference; lastKnownFileType = sourcecode.cpp.cpp; path = main.cpp; sourceTree = "<group>"; };
		450EEEF21D0C0D740067317E /* cute_image.jpg */ = {isa = PBXFileReference; lastKnownFileType = image.jpeg; path = cute_image.jpg; sourceTree = "<group>"; };
		450EEEF41D0C0D740067317E /* nice_music.ogg */ = {isa = PBXFileReference; lastKnownFileType = file; path = nice_music.ogg; sourceTree = "<group>"; };
		450EEEF61D0C0D740067317E /* sansation.ttf */ = {isa = PBXFileReference; lastKnownFileType = file; path = sansation.ttf; sourceTree = "<group>"; };
		450EEEF81D0C0D740067317E /* icon.png */ = {isa = PBXFileReference; lastKnownFileType = image.png; path = icon.png; sourceTree = "<group>"; };
		450EEEFF1D0C15350067317E /* Kirby.png */ = {isa = PBXFileReference; lastKnownFileType = image.png; path = Kirby.png; sourceTree = "<group>"; };
		450EEF011D0C15430067317E /* Background.jpg */ = {isa = PBXFileReference; lastKnownFileType = image.jpeg; path = Background.jpg; sourceTree = "<group>"; };
		450EEF021D0C15430067317E /* KirbyDown.png */ = {isa = PBXFileReference; lastKnownFileType = image.png; path = KirbyDown.png; sourceTree = "<group>"; };
		450EEF031D0C15430067317E /* KirbyRight.png */ = {isa = PBXFileReference; lastKnownFileType = image.png; path = KirbyRight.png; sourceTree = "<group>"; };
		450EEF041D0C15430067317E /* KirbyUp.png */ = {isa = PBXFileReference; lastKnownFileType = image.png; path = KirbyUp.png; sourceTree = "<group>"; };
		450EEF051D0C15430067317E /* Obstacle.png */ = {isa = PBXFileReference; lastKnownFileType = image.png; path = Obstacle.png; sourceTree = "<group>"; };
		450EEF061D0C15430067317E /* Poison.png */ = {isa = PBXFileReference; lastKnownFileType = image.png; path = Poison.png; sourceTree = "<group>"; };
		450EEF071D0C15430067317E /* Potion.png */ = {isa = PBXFileReference; lastKnownFileType = image.png; path = Potion.png; sourceTree = "<group>"; };
		450EEF0F1D0C16080067317E /* Background.png */ = {isa = PBXFileReference; lastKnownFileType = image.png; path = Background.png; sourceTree = "<group>"; };
		450EEF111D0C16B80067317E /* Light.jpg */ = {isa = PBXFileReference; lastKnownFileType = image.jpeg; path = Light.jpg; sourceTree = "<group>"; };
/* End PBXFileReference section */

/* Begin PBXFrameworksBuildPhase section */
		450EEEE31D0C0D730067317E /* Frameworks */ = {
			isa = PBXFrameworksBuildPhase;
			buildActionMask = 2147483647;
			files = (
			);
			runOnlyForDeploymentPostprocessing = 0;
		};
/* End PBXFrameworksBuildPhase section */

/* Begin PBXGroup section */
		450EEEDD1D0C0D730067317E = {
			isa = PBXGroup;
			children = (
				450EEEE91D0C0D730067317E /* EscapeTheCave */,
				450EEEE81D0C0D730067317E /* Products */,
			);
			sourceTree = "<group>";
		};
		450EEEE81D0C0D730067317E /* Products */ = {
			isa = PBXGroup;
			children = (
				450EEEE71D0C0D730067317E /* EscapeTheCave.app */,
			);
			name = Products;
			sourceTree = "<group>";
		};
		450EEEE91D0C0D730067317E /* EscapeTheCave */ = {
			isa = PBXGroup;
			children = (
				450EEEEC1D0C0D740067317E /* ResourcePath.mm */,
				450EEEEE1D0C0D740067317E /* ResourcePath.hpp */,
				450EEEEF1D0C0D740067317E /* main.cpp */,
				450EEEF11D0C0D740067317E /* Resources */,
				450EEEEA1D0C0D730067317E /* Supporting Files */,
			);
			path = EscapeTheCave;
			sourceTree = "<group>";
		};
		450EEEEA1D0C0D730067317E /* Supporting Files */ = {
			isa = PBXGroup;
			children = (
				450EEEEB1D0C0D740067317E /* EscapeTheCave-Info.plist */,
			);
			name = "Supporting Files";
			sourceTree = "<group>";
		};
		450EEEF11D0C0D740067317E /* Resources */ = {
			isa = PBXGroup;
			children = (
				450EEF111D0C16B80067317E /* Light.jpg */,
				450EEF0F1D0C16080067317E /* Background.png */,
				450EEF011D0C15430067317E /* Background.jpg */,
				450EEF021D0C15430067317E /* KirbyDown.png */,
				450EEF031D0C15430067317E /* KirbyRight.png */,
				450EEF041D0C15430067317E /* KirbyUp.png */,
				450EEF051D0C15430067317E /* Obstacle.png */,
				450EEF061D0C15430067317E /* Poison.png */,
				450EEF071D0C15430067317E /* Potion.png */,
				450EEEFF1D0C15350067317E /* Kirby.png */,
				450EEEF21D0C0D740067317E /* cute_image.jpg */,
				450EEEF41D0C0D740067317E /* nice_music.ogg */,
				450EEEF61D0C0D740067317E /* sansation.ttf */,
				450EEEF81D0C0D740067317E /* icon.png */,
			);
			name = Resources;
			sourceTree = "<group>";
		};
/* End PBXGroup section */

/* Begin PBXNativeTarget section */
		450EEEE61D0C0D730067317E /* EscapeTheCave */ = {
			isa = PBXNativeTarget;
			buildConfigurationList = 450EEEFC1D0C0D740067317E /* Build configuration list for PBXNativeTarget "EscapeTheCave" */;
			buildPhases = (
				450EEEE21D0C0D730067317E /* Sources */,
				450EEEE31D0C0D730067317E /* Frameworks */,
				450EEEE41D0C0D730067317E /* Resources */,
				450EEEE51D0C0D730067317E /* ShellScript */,
			);
			buildRules = (
			);
			dependencies = (
			);
			name = EscapeTheCave;
			productName = EscapeTheCave;
			productReference = 450EEEE71D0C0D730067317E /* EscapeTheCave.app */;
			productType = "com.apple.product-type.application";
		};
/* End PBXNativeTarget section */

/* Begin PBXProject section */
		450EEEDE1D0C0D730067317E /* Project object */ = {
			isa = PBXProject;
			attributes = {
				LastUpgradeCheck = 0730;
				ORGANIZATIONNAME = "Kha Nguyen";
				TargetAttributes = {
					450EEEE61D0C0D730067317E = {
						CreatedOnToolsVersion = 7.3.1;
					};
				};
			};
			buildConfigurationList = 450EEEE11D0C0D730067317E /* Build configuration list for PBXProject "EscapeTheCave" */;
			compatibilityVersion = "Xcode 3.2";
			developmentRegion = English;
			hasScannedForEncodings = 0;
			knownRegions = (
				en,
			);
			mainGroup = 450EEEDD1D0C0D730067317E;
			productRefGroup = 450EEEE81D0C0D730067317E /* Products */;
			projectDirPath = "";
			projectRoot = "";
			targets = (
				450EEEE61D0C0D730067317E /* EscapeTheCave */,
			);
		};
/* End PBXProject section */

/* Begin PBXResourcesBuildPhase section */
		450EEEE41D0C0D730067317E /* Resources */ = {
			isa = PBXResourcesBuildPhase;
			buildActionMask = 2147483647;
			files = (
				450EEF0B1D0C15430067317E /* KirbyUp.png in Resources */,
				450EEF0A1D0C15430067317E /* KirbyRight.png in Resources */,
				450EEF0E1D0C15430067317E /* Potion.png in Resources */,
				450EEF001D0C15350067317E /* Kirby.png in Resources */,
				450EEF101D0C16080067317E /* Background.png in Resources */,
				450EEF0D1D0C15430067317E /* Poison.png in Resources */,
				450EEEF91D0C0D740067317E /* icon.png in Resources */,
				450EEF0C1D0C15430067317E /* Obstacle.png in Resources */,
				450EEEF71D0C0D740067317E /* sansation.ttf in Resources */,
				450EEEF51D0C0D740067317E /* nice_music.ogg in Resources */,
				450EEF121D0C16B80067317E /* Light.jpg in Resources */,
				450EEEF31D0C0D740067317E /* cute_image.jpg in Resources */,
				450EEF091D0C15430067317E /* KirbyDown.png in Resources */,
				450EEF081D0C15430067317E /* Background.jpg in Resources */,
			);
			runOnlyForDeploymentPostprocessing = 0;
		};
/* End PBXResourcesBuildPhase section */

/* Begin PBXShellScriptBuildPhase section */
		450EEEE51D0C0D730067317E /* ShellScript */ = {
			isa = PBXShellScriptBuildPhase;
			buildActionMask = 2147483647;
			files = (
			);
			inputPaths = (
			);
			outputPaths = (
			);
			runOnlyForDeploymentPostprocessing = 0;
			shellPath = /bin/sh;
			shellScript = "# This shell script simply copies required SFML dylibs/frameworks into the application bundle frameworks folder.\n# If you're using static libraries (which is not recommended) you should remove this script from your project.\n\n# SETTINGS\nCMAKE_INSTALL_FRAMEWORK_PREFIX=\"/Library/Frameworks\"\nCMAKE_INSTALL_LIB_PREFIX=\"/usr/local/lib\"\nFRAMEWORKS_FULL_PATH=\"$BUILT_PRODUCTS_DIR/$FRAMEWORKS_FOLDER_PATH/\"\n\n# Are we building a project that uses frameworks or dylibs?\ncase \"$SFML_BINARY_TYPE\" in\n    DYLIBS)\n        frameworks=\"false\"\n        ;;\n    *)\n        frameworks=\"true\"\n        ;;\nesac\n\n# Echoes to stderr\nerror () # $* message to display\n{\n    echo $* 1>&2\n    exit 2\n}\n\nassert () # $1 is a boolean, $2...N is an error message\n{\n    if [ $# -lt 2 ]\n    then\n        error \"Internal error in assert: not enough args\"\n    fi\n\n    if [ $1 -ne 0 ]\n    then\n        shift\n        error \"$*\"\n    fi\n}\n\nforce_remove () # $@ is some paths\n{\n    test $# -ge 1\n    assert $? \"force_remove() requires at least one parameter\"\n    rm -fr $@\n    assert $? \"couldn't remove $@\"\n}\n\ncopy () # $1 is a source, $2 is a destination\n{\n    test $# -eq 2\n    assert $? \"copy() requires two parameters\"\n    ditto \"$1\" \"$2\"\n    assert $? \"couldn't copy $1 to $2\"\n}\n\nrequire () # $1 is a SFML module like 'system' or 'audio'\n{\n    dest=\"$BUILT_PRODUCTS_DIR/$FRAMEWORKS_FOLDER_PATH/\"\n\n    if [ -z \"$1\" ]\n    then\n        error \"require() requires one parameter!\"\n    else\n        # clean potentially old stuff\n        force_remove \"$dest/libsfml-$1\"*\n        force_remove \"$dest/sfml-$1.framework\"\n\n        # copy SFML libraries\n        if [ \"$frameworks\" = \"true\" ]\n        then\n            source=\"$CMAKE_INSTALL_FRAMEWORK_PREFIX/sfml-$1.framework\"\n            target=\"sfml-$1.framework\"\n        elif [ \"$SFML_LINK_DYLIBS_SUFFIX\" = \"-d\" ]\n        then\n            source=\"$CMAKE_INSTALL_LIB_PREFIX/libsfml-$1-d.dylib\"\n            target=\"`readlink $source`\"\n        else\n            source=\"$CMAKE_INSTALL_LIB_PREFIX/libsfml-$1.dylib\"\n            target=\"`readlink $source`\"\n        fi\n\n        copy \"$source\" \"$dest/$target\"\n\n        # copy extra dependencies\n        if [ \"$1\" = \"audio\" ]\n        then\n            # copy \"FLAC\" \"ogg\" \"vorbis\" \"vorbisenc\" \"vorbisfile\" \"OpenAL\" frameworks too\n            for f in \"FLAC\" \"ogg\" \"vorbis\" \"vorbisenc\" \"vorbisfile\" \"OpenAL\"\n            do\n                copy \"$CMAKE_INSTALL_FRAMEWORK_PREFIX/$f.framework\" \"$dest/$f.framework\"\n            done\n        elif [ \"$1\" = \"graphics\" ]\n        then\n            copy \"$CMAKE_INSTALL_FRAMEWORK_PREFIX/freetype.framework\" \"$dest/freetype.framework\"\n        fi\n    fi\n}\n\nif [ -n \"$SFML_SYSTEM\" ]\nthen\n    require \"system\"\nfi\n\nif [ -n \"$SFML_AUDIO\" ]\nthen\n    require \"audio\"\nfi\n\nif [ -n \"$SFML_NETWORK\" ]\nthen\n    require \"network\"\nfi\n\nif [ -n \"$SFML_WINDOW\" ]\nthen\n    require \"window\"\nfi\n\nif [ -n \"$SFML_GRAPHICS\" ]\nthen\n    require \"graphics\"\nfi\n\n                ";
		};
/* End PBXShellScriptBuildPhase section */

/* Begin PBXSourcesBuildPhase section */
		450EEEE21D0C0D730067317E /* Sources */ = {
			isa = PBXSourcesBuildPhase;
			buildActionMask = 2147483647;
			files = (
				450EEEF01D0C0D740067317E /* main.cpp in Sources */,
				450EEEED1D0C0D740067317E /* ResourcePath.mm in Sources */,
			);
			runOnlyForDeploymentPostprocessing = 0;
		};
/* End PBXSourcesBuildPhase section */

/* Begin XCBuildConfiguration section */
		450EEEFA1D0C0D740067317E /* Debug */ = {
			isa = XCBuildConfiguration;
			buildSettings = {
				ARCHS = (
					i386,
					x86_64,
				);
				CLANG_CXX_LANGUAGE_STANDARD = "c++0x";
				CLANG_CXX_LIBRARY = "libc++";
				FRAMEWORK_SEARCH_PATHS = (
					/Library/Frameworks/,
					"$(inherited)",
				);
				GCC_VERSION = com.apple.compilers.llvm.clang.1_0;
				HEADER_SEARCH_PATHS = (
					/usr/local/include/,
					"$(inherited)",
				);
				LIBRARY_SEARCH_PATHS = (
					/usr/local/lib/,
					"$(inherited)",
				);
				MACOSX_DEPLOYMENT_TARGET = 10.7;
				OTHER_LDFLAGS = (
					"$(inherited)",
					"$(SFML_SYSTEM)",
					"$(SFML_WINDOW)",
					"$(SFML_GRAPHICS)",
					"$(SFML_AUDIO)",
					"$(SFML_NETWORK)",
				);
				SFML_AUDIO = "$(SFML_LINK_PREFIX) sfml-audio$(SFML_LINK_SUFFIX)";
				SFML_BINARY_TYPE = FRAMEWORKS;
				SFML_GRAPHICS = "$(SFML_LINK_PREFIX) sfml-graphics$(SFML_LINK_SUFFIX)";
				SFML_LINK_DYLIBS_PREFIX = "-l";
				SFML_LINK_DYLIBS_SUFFIX = "";
				SFML_LINK_FRAMEWORKS_PREFIX = "-framework";
				SFML_LINK_FRAMEWORKS_SUFFIX = "";
				SFML_LINK_PREFIX = "$(SFML_LINK_$(SFML_BINARY_TYPE)_PREFIX)";
				SFML_LINK_SUFFIX = "$(SFML_LINK_$(SFML_BINARY_TYPE)_SUFFIX)";
				SFML_NETWORK = "$(SFML_LINK_PREFIX) sfml-network$(SFML_LINK_SUFFIX)";
				SFML_SYSTEM = "$(SFML_LINK_PREFIX) sfml-system$(SFML_LINK_SUFFIX)";
				SFML_WINDOW = "$(SFML_LINK_PREFIX) sfml-window$(SFML_LINK_SUFFIX)";
				SUPPORTED_PLATFORMS = macosx;
			};
			name = Debug;
		};
		450EEEFB1D0C0D740067317E /* Release */ = {
			isa = XCBuildConfiguration;
			buildSettings = {
				ARCHS = (
					i386,
					x86_64,
				);
				CLANG_CXX_LANGUAGE_STANDARD = "c++0x";
				CLANG_CXX_LIBRARY = "libc++";
				FRAMEWORK_SEARCH_PATHS = (
					/Library/Frameworks/,
					"$(inherited)",
				);
				GCC_VERSION = com.apple.compilers.llvm.clang.1_0;
				HEADER_SEARCH_PATHS = (
					/usr/local/include/,
					"$(inherited)",
				);
				LIBRARY_SEARCH_PATHS = (
					/usr/local/lib/,
					"$(inherited)",
				);
				MACOSX_DEPLOYMENT_TARGET = 10.7;
				OTHER_LDFLAGS = (
					"$(inherited)",
					"$(SFML_SYSTEM)",
					"$(SFML_WINDOW)",
					"$(SFML_GRAPHICS)",
					"$(SFML_AUDIO)",
					"$(SFML_NETWORK)",
				);
				SFML_AUDIO = "$(SFML_LINK_PREFIX) sfml-audio$(SFML_LINK_SUFFIX)";
				SFML_BINARY_TYPE = FRAMEWORKS;
				SFML_GRAPHICS = "$(SFML_LINK_PREFIX) sfml-graphics$(SFML_LINK_SUFFIX)";
				SFML_LINK_DYLIBS_PREFIX = "-l";
				SFML_LINK_DYLIBS_SUFFIX = "";
				SFML_LINK_FRAMEWORKS_PREFIX = "-framework";
				SFML_LINK_FRAMEWORKS_SUFFIX = "";
				SFML_LINK_PREFIX = "$(SFML_LINK_$(SFML_BINARY_TYPE)_PREFIX)";
				SFML_LINK_SUFFIX = "$(SFML_LINK_$(SFML_BINARY_TYPE)_SUFFIX)";
				SFML_NETWORK = "$(SFML_LINK_PREFIX) sfml-network$(SFML_LINK_SUFFIX)";
				SFML_SYSTEM = "$(SFML_LINK_PREFIX) sfml-system$(SFML_LINK_SUFFIX)";
				SFML_WINDOW = "$(SFML_LINK_PREFIX) sfml-window$(SFML_LINK_SUFFIX)";
				SUPPORTED_PLATFORMS = macosx;
			};
			name = Release;
		};
		450EEEFD1D0C0D740067317E /* Debug */ = {
			isa = XCBuildConfiguration;
			buildSettings = {
				INFOPLIST_FILE = "EscapeTheCave/EscapeTheCave-Info.plist";
				LD_RUNPATH_SEARCH_PATHS = "@loader_path/../Frameworks";
				PRODUCT_NAME = "$(TARGET_NAME)";
			};
			name = Debug;
		};
		450EEEFE1D0C0D740067317E /* Release */ = {
			isa = XCBuildConfiguration;
			buildSettings = {
				INFOPLIST_FILE = "EscapeTheCave/EscapeTheCave-Info.plist";
				LD_RUNPATH_SEARCH_PATHS = "@loader_path/../Frameworks";
				PRODUCT_NAME = "$(TARGET_NAME)";
			};
			name = Release;
		};
/* End XCBuildConfiguration section */

/* Begin XCConfigurationList section */
		450EEEE11D0C0D730067317E /* Build configuration list for PBXProject "EscapeTheCave" */ = {
			isa = XCConfigurationList;
			buildConfigurations = (
				450EEEFA1D0C0D740067317E /* Debug */,
				450EEEFB1D0C0D740067317E /* Release */,
			);
			defaultConfigurationIsVisible = 0;
			defaultConfigurationName = Release;
		};
		450EEEFC1D0C0D740067317E /* Build configuration list for PBXNativeTarget "EscapeTheCave" */ = {
			isa = XCConfigurationList;
			buildConfigurations = (
				450EEEFD1D0C0D740067317E /* Debug */,
				450EEEFE1D0C0D740067317E /* Release */,
			);
			defaultConfigurationIsVisible = 0;
		};
/* End XCConfigurationList section */
	};
	rootObject = 450EEEDE1D0C0D730067317E /* Project object */;
}
